PODS:
  - Alamofire (3.1.3)
  - ChameleonFramework/Default (2.0.6)
  - ChameleonFramework/Swift (2.0.6):
    - ChameleonFramework/Default
  - DZNEmptyDataSet (1.7.2)
  - FontAwesomeIconFactory (2.1.1)
  - Kingfisher (1.8.3)
  - netfox (1.7)
  - SwiftyJSON (2.3.2)
  - SWXMLHash (2.0.2)

DEPENDENCIES:
  - Alamofire
  - ChameleonFramework/Swift
  - DZNEmptyDataSet
  - FontAwesomeIconFactory
  - Kingfisher
  - netfox
  - SwiftyJSON
  - SWXMLHash

SPEC CHECKSUMS:
  Alamofire: 9f93b56389e48def9220dd57d1f44b1927229a5a
  ChameleonFramework: a6b466873ff9a4ce3a5196c20bccf1a97ad9f446
  DZNEmptyDataSet: 0ec00bfc230d7450997b60c127afdd0b9f24f3b6
  FontAwesomeIconFactory: bb9ce26d3dd13044854a82d380023c8e7d3ebf1a
  Kingfisher: ead91e9dbeb7e5a2e8b7af3bd8a294104cbcc3f9
  netfox: 4b7be664ab924b43eea93dacd56ace4c908a6c6c
  SwiftyJSON: 04ccea08915aa0109039157c7974cf0298da292a
  SWXMLHash: 9e6bd7db2e8275eaf3d2082265623d6e749e169d

COCOAPODS: 0.39.0
